
Microsoft Visual Studio Solution File, Format Version 12.00
# Visual Studio 14
VisualStudioVersion = 14.0.25420.1
MinimumVisualStudioVersion = 10.0.40219.1
Project("{FAE04EC0-301F-11D3-BF4B-00C04F79EFBC}") = "RPGServeur", "RPGServeur\RPGServeur.csproj", "{CA5455B4-1C8F-430D-A03C-D1FA06B60E48}"
EndProject
Project("{FAE04EC0-301F-11D3-BF4B-00C04F79EFBC}") = "ReturnMapTest", "ReturnMapTest\ReturnMapTest.csproj", "{B469DF7F-F009-4FA8-86EA-FA7CA7DF0A49}"
EndProject
Global
	GlobalSection(SolutionConfigurationPlatforms) = preSolution
		Debug|Any CPU = Debug|Any CPU
		Release|Any CPU = Release|Any CPU
	EndGlobalSection
	GlobalSection(ProjectConfigurationPlatforms) = postSolution
		{CA5455B4-1C8F-430D-A03C-D1FA06B60E48}.Debug|Any CPU.ActiveCfg = Debug|Any CPU
		{CA5455B4-1C8F-430D-A03C-D1FA06B60E48}.Debug|Any CPU.Build.0 = Debug|Any CPU
		{CA5455B4-1C8F-430D-A03C-D1FA06B60E48}.Release|Any CPU.ActiveCfg = Release|Any CPU
		{CA5455B4-1C8F-430D-A03C-D1FA06B60E48}.Release|Any CPU.Build.0 = Release|Any CPU
		{B469DF7F-F009-4FA8-86EA-FA7CA7DF0A49}.Debug|Any CPU.ActiveCfg = Debug|Any CPU
		{B469DF7F-F009-4FA8-86EA-FA7CA7DF0A49}.Debug|Any CPU.Build.0 = Debug|Any CPU
		{B469DF7F-F009-4FA8-86EA-FA7CA7DF0A49}.Release|Any CPU.ActiveCfg = Release|Any CPU
		{B469DF7F-F009-4FA8-86EA-FA7CA7DF0A49}.Release|Any CPU.Build.0 = Release|Any CPU
	EndGlobalSection
	GlobalSection(SolutionProperties) = preSolution
		HideSolutionNode = FALSE
	EndGlobalSection
EndGlobal
